
Microsoft Visual Studio Solution File, Format Version 12.00
# Visual Studio 15
Project("{FAE04EC0-301F-11D3-BF4B-00C04F79EFBC}") = "iteration_project1", "iteration_project1\iteration_project1.csproj", "{B70EDE15-74A7-4E82-8C6B-11FF38802E49}"
EndProject
Global
	GlobalSection(SolutionConfigurationPlatforms) = preSolution
		Debug|Any CPU = Debug|Any CPU
		Release|Any CPU = Release|Any CPU
	EndGlobalSection
	GlobalSection(ProjectConfigurationPlatforms) = postSolution
		{B70EDE15-74A7-4E82-8C6B-11FF38802E49}.Debug|Any CPU.ActiveCfg = Debug|Any CPU
		{B70EDE15-74A7-4E82-8C6B-11FF38802E49}.Debug|Any CPU.Build.0 = Debug|Any CPU
		{B70EDE15-74A7-4E82-8C6B-11FF38802E49}.Release|Any CPU.ActiveCfg = Release|Any CPU
		{B70EDE15-74A7-4E82-8C6B-11FF38802E49}.Release|Any CPU.Build.0 = Release|Any CPU
	EndGlobalSection
EndGlobal
